
Microsoft Visual Studio Solution File, Format Version 12.00
# Visual Studio 15
VisualStudioVersion = 15.0.28307.168
MinimumVisualStudioVersion = 10.0.40219.1
Project("{FAE04EC0-301F-11D3-BF4B-00C04F79EFBC}") = "WindowsFormsApp1", "WindowsFormsApp1\WindowsFormsApp1.csproj", "{9C2C0E95-25B9-4B16-A327-5EDBB4078CE8}"
EndProject
Global
	GlobalSection(SolutionConfigurationPlatforms) = preSolution
		Debug|Any CPU = Debug|Any CPU
		Release|Any CPU = Release|Any CPU
	EndGlobalSection
	GlobalSection(ProjectConfigurationPlatforms) = postSolution
		{9C2C0E95-25B9-4B16-A327-5EDBB4078CE8}.Debug|Any CPU.ActiveCfg = Debug|Any CPU
		{9C2C0E95-25B9-4B16-A327-5EDBB4078CE8}.Debug|Any CPU.Build.0 = Debug|Any CPU
		{9C2C0E95-25B9-4B16-A327-5EDBB4078CE8}.Release|Any CPU.ActiveCfg = Release|Any CPU
		{9C2C0E95-25B9-4B16-A327-5EDBB4078CE8}.Release|Any CPU.Build.0 = Release|Any CPU
	EndGlobalSection
	GlobalSection(SolutionProperties) = preSolution
		HideSolutionNode = FALSE
	EndGlobalSection
	GlobalSection(ExtensibilityGlobals) = postSolution
		SolutionGuid = {8A35F59A-45A5-46A3-95A5-281E86C5BE6A}
	EndGlobalSection
EndGlobal
